
Microsoft Visual Studio Solution File, Format Version 12.00
# Visual Studio Version 17
VisualStudioVersion = 17.7.34031.279
MinimumVisualStudioVersion = 10.0.40219.1
Project("{FAE04EC0-301F-11D3-BF4B-00C04F79EFBC}") = "SalesWebMVC", "SalesWebMVC\SalesWebMVC.csproj", "{0324F69D-EEC9-4744-A0AB-92E508A8AD9D}"
EndProject
Global
	GlobalSection(SolutionConfigurationPlatforms) = preSolution
		Debug|Any CPU = Debug|Any CPU
		Release|Any CPU = Release|Any CPU
	EndGlobalSection
	GlobalSection(ProjectConfigurationPlatforms) = postSolution
		{0324F69D-EEC9-4744-A0AB-92E508A8AD9D}.Debug|Any CPU.ActiveCfg = Debug|Any CPU
		{0324F69D-EEC9-4744-A0AB-92E508A8AD9D}.Debug|Any CPU.Build.0 = Debug|Any CPU
		{0324F69D-EEC9-4744-A0AB-92E508A8AD9D}.Release|Any CPU.ActiveCfg = Release|Any CPU
		{0324F69D-EEC9-4744-A0AB-92E508A8AD9D}.Release|Any CPU.Build.0 = Release|Any CPU
	EndGlobalSection
	GlobalSection(SolutionProperties) = preSolution
		HideSolutionNode = FALSE
	EndGlobalSection
	GlobalSection(ExtensibilityGlobals) = postSolution
		SolutionGuid = {B4C5C344-054C-4CE2-B3F7-92AD5E393511}
	EndGlobalSection
EndGlobal
